
Microsoft Visual Studio Solution File, Format Version 12.00
# Visual Studio Version 17
VisualStudioVersion = 17.6.33801.468
MinimumVisualStudioVersion = 10.0.40219.1
Project("{FAE04EC0-301F-11D3-BF4B-00C04F79EFBC}") = "producttile.ai", "producttile.ai\producttile.ai.csproj", "{C28202AC-86B8-4BE5-9B13-623B461602AC}"
EndProject
Project("{FAE04EC0-301F-11D3-BF4B-00C04F79EFBC}") = "producttile.aiWeb", "producttile.aiWeb\producttile.aiWeb.csproj", "{6FE1DC16-AD14-48DD-BD49-F88168F4C7EF}"
EndProject
Global
	GlobalSection(SolutionConfigurationPlatforms) = preSolution
		Debug|Any CPU = Debug|Any CPU
		Release|Any CPU = Release|Any CPU
	EndGlobalSection
	GlobalSection(ProjectConfigurationPlatforms) = postSolution
		{C28202AC-86B8-4BE5-9B13-623B461602AC}.Debug|Any CPU.ActiveCfg = Debug|Any CPU
		{C28202AC-86B8-4BE5-9B13-623B461602AC}.Debug|Any CPU.Build.0 = Debug|Any CPU
		{C28202AC-86B8-4BE5-9B13-623B461602AC}.Debug|Any CPU.Deploy.0 = Debug|Any CPU
		{C28202AC-86B8-4BE5-9B13-623B461602AC}.Release|Any CPU.ActiveCfg = Release|Any CPU
		{C28202AC-86B8-4BE5-9B13-623B461602AC}.Release|Any CPU.Build.0 = Release|Any CPU
		{C28202AC-86B8-4BE5-9B13-623B461602AC}.Release|Any CPU.Deploy.0 = Release|Any CPU
		{6FE1DC16-AD14-48DD-BD49-F88168F4C7EF}.Debug|Any CPU.ActiveCfg = Debug|Any CPU
		{6FE1DC16-AD14-48DD-BD49-F88168F4C7EF}.Debug|Any CPU.Build.0 = Debug|Any CPU
		{6FE1DC16-AD14-48DD-BD49-F88168F4C7EF}.Release|Any CPU.ActiveCfg = Release|Any CPU
		{6FE1DC16-AD14-48DD-BD49-F88168F4C7EF}.Release|Any CPU.Build.0 = Release|Any CPU
	EndGlobalSection
	GlobalSection(SolutionProperties) = preSolution
		HideSolutionNode = FALSE
	EndGlobalSection
	GlobalSection(ExtensibilityGlobals) = postSolution
		SolutionGuid = {82919254-8842-4308-99BB-D1482A94CBAB}
	EndGlobalSection
EndGlobal
